{
  "lockfileVersion": 2,
  "configVersion": 1,
  "workspaces": {
    "": {
      "name": "ncli",
      "dependencies": {
        "@cursor/sdk": "^1.0.37",
      },
    },
  },
  "packages": {
    "@bufbuild/protobuf": ["@bufbuild/protobuf@1.10.0", "", {}, "sha512-QDdVFLoN93Zjg36NoQPZfsVH9tZew7wKDKyV5qRdj8ntT4wQCOradQjRaTdwMhWUYsgKsvCINKKm87FdEk96Ag=="],

    "@connectrpc/connect": ["@connectrpc/connect@1.7.0", "", { "peerDependencies": { "@bufbuild/protobuf": "^1.10.0" } }, "sha512-iNKdJRi69YP3mq6AePRT8F/HrxWCewrhxnLMNm0vpqXAR8biwzRtO6Hjx80C6UvtKJ5sFmffQT7I4Baecz389w=="],

    "@connectrpc/connect-web": ["@connectrpc/connect-web@1.7.0", "", { "peerDependencies": { "@bufbuild/protobuf": "^1.10.0", "@connectrpc/connect": "1.7.0" } }, "sha512-qyP0YOnUPRWwCc/VfsoydMJvkb7EyUPr2q9sHgBuJzbADjiqck1gKH5V5ZPzPhTLBvmz5UvG+wiZ5sMRQHU1MQ=="],

    "@cursor/sdk": ["@cursor/sdk@1.0.37", "", { "dependencies": { "@bufbuild/protobuf": "1.10.0", "@connectrpc/connect": "^1.6.1", "@connectrpc/connect-web": "^1.6.1", "@statsig/js-client": "3.31.0", "zod": "^3.25.0" }, "optionalDependencies": { "@cursor/sdk-darwin-arm64": "1.0.37", "@cursor/sdk-darwin-x64": "1.0.37", "@cursor/sdk-linux-arm64": "1.0.37", "@cursor/sdk-linux-x64": "1.0.37", "@cursor/sdk-win32-x64": "1.0.37" } }, "sha512-MWKMeqtkCOHOOi8uZqI7CYeUtOwwdWke1B4GEllERIGMsoKuxbk++tP/KzOXXxtOD9EUD1z3AQL6os6m3M1gIw=="],

    "@cursor/sdk-darwin-arm64": ["@cursor/sdk-darwin-arm64@1.0.37", "", { "os": "darwin", "cpu": "arm64", "bin": { "rg": "bin/rg" } }, "sha512-VlIlLlt23bPmagSaetELwDho3E0GGwSMPEtaUqzweG14XVypHEWCBTaMOVxU2MV/vmgp0EpyA/T4WXIfSGpp9g=="],

    "@cursor/sdk-darwin-x64": ["@cursor/sdk-darwin-x64@1.0.37", "", { "os": "darwin", "cpu": "x64", "bin": { "rg": "bin/rg" } }, "sha512-yK8UoU2HJ1Q8gQyoluffwpcRjaFoK61MkpwyAHaBhWPp0vHKFVeUawdp1R81HrHvwwUqYvXIPaKXa+XG3CDVcQ=="],

    "@cursor/sdk-linux-arm64": ["@cursor/sdk-linux-arm64@1.0.37", "", { "os": "linux", "cpu": "arm64", "bin": { "rg": "bin/rg" } }, "sha512-rQzazu/FYibgMFtPp/oUyTYgKiTj43Moo0/dRs7wDn6qC8dUHzjuuyU/v/zUatllgOxgD+1hUjh3+VHdxeslKg=="],

    "@cursor/sdk-linux-x64": ["@cursor/sdk-linux-x64@1.0.37", "", { "os": "linux", "cpu": "x64", "bin": { "rg": "bin/rg" } }, "sha512-aSPPiD1Dh0ijSEJao+6lXIvuHC/asFSKQUSqKigcy2cXJLVDpHDAvbCfK3FS/OFlEFXBw5H6mxpe8G/GUj/0Ow=="],

    "@cursor/sdk-win32-x64": ["@cursor/sdk-win32-x64@1.0.37", "", { "os": "win32", "cpu": "x64", "bin": { "rg": "bin/rg.exe" } }, "sha512-94EKqfisz9mBWMdF1b9S6qu1NcTd0UYO4DdlhL4sPAU1QoIGLP7K7Fp5VI1MEKniYynu5JMZ7oBZFNq1p50oCg=="],

    "@statsig/client-core": ["@statsig/client-core@3.31.0", "", {}, "sha512-SuxQD6TmVszPG7FoMKwTk/uyBuVFk7XnxI3T/E0uyb7PL7GNjONtfsoh+NqBBVUJVse0CUeSFfgJPoZy1ZOslQ=="],

    "@statsig/js-client": ["@statsig/js-client@3.31.0", "", { "dependencies": { "@statsig/client-core": "3.31.0" } }, "sha512-LFa5E0LjT6sTfZv3sNGoyRLSZ1078+agdgOA+Vm1ecjG+KbSOfBLTW7hMwimrJ29slRwbYDzbtKaPJo/R37N2g=="],

    "zod": ["zod@3.25.76", "", {}, "sha512-gzUt/qt81nXsFGKIFcC3YnfEAx5NkunCfnDlvuBSSFS02bcXu4Lmea0AFIUwbLWxWPx3d9p8S5QoaujKcNQxcQ=="],
  }
}
